
Microsoft Visual Studio Solution File, Format Version 12.00
# Visual Studio Version 17
VisualStudioVersion = 17.13.35825.156 d17.13
MinimumVisualStudioVersion = 10.0.40219.1
Project("{FAE04EC0-301F-11D3-BF4B-00C04F79EFBC}") = "Villa.MVC.BL", "Villa.MVC.BL\Villa.MVC.BL.csproj", "{8EF03A10-466F-4896-99FC-490BFAD28F40}"
EndProject
Project("{FAE04EC0-301F-11D3-BF4B-00C04F79EFBC}") = "Villa.MVC.DAL", "Villa.MVC.DAL\Villa.MVC.DAL.csproj", "{D5889F79-C9E9-4AE1-B413-2720EF4A15B1}"
EndProject
Project("{FAE04EC0-301F-11D3-BF4B-00C04F79EFBC}") = "Villa.MVC.MVC", "Villa.MVC.MVC\Villa.MVC.MVC.csproj", "{8D9FDB38-5AF5-4C2C-A897-1DF90A3AC5EE}"
EndProject
Global
	GlobalSection(SolutionConfigurationPlatforms) = preSolution
		Debug|Any CPU = Debug|Any CPU
		Release|Any CPU = Release|Any CPU
	EndGlobalSection
	GlobalSection(ProjectConfigurationPlatforms) = postSolution
		{8EF03A10-466F-4896-99FC-490BFAD28F40}.Debug|Any CPU.ActiveCfg = Debug|Any CPU
		{8EF03A10-466F-4896-99FC-490BFAD28F40}.Debug|Any CPU.Build.0 = Debug|Any CPU
		{8EF03A10-466F-4896-99FC-490BFAD28F40}.Release|Any CPU.ActiveCfg = Release|Any CPU
		{8EF03A10-466F-4896-99FC-490BFAD28F40}.Release|Any CPU.Build.0 = Release|Any CPU
		{D5889F79-C9E9-4AE1-B413-2720EF4A15B1}.Debug|Any CPU.ActiveCfg = Debug|Any CPU
		{D5889F79-C9E9-4AE1-B413-2720EF4A15B1}.Debug|Any CPU.Build.0 = Debug|Any CPU
		{D5889F79-C9E9-4AE1-B413-2720EF4A15B1}.Release|Any CPU.ActiveCfg = Release|Any CPU
		{D5889F79-C9E9-4AE1-B413-2720EF4A15B1}.Release|Any CPU.Build.0 = Release|Any CPU
		{8D9FDB38-5AF5-4C2C-A897-1DF90A3AC5EE}.Debug|Any CPU.ActiveCfg = Debug|Any CPU
		{8D9FDB38-5AF5-4C2C-A897-1DF90A3AC5EE}.Debug|Any CPU.Build.0 = Debug|Any CPU
		{8D9FDB38-5AF5-4C2C-A897-1DF90A3AC5EE}.Release|Any CPU.ActiveCfg = Release|Any CPU
		{8D9FDB38-5AF5-4C2C-A897-1DF90A3AC5EE}.Release|Any CPU.Build.0 = Release|Any CPU
	EndGlobalSection
	GlobalSection(SolutionProperties) = preSolution
		HideSolutionNode = FALSE
	EndGlobalSection
	GlobalSection(ExtensibilityGlobals) = postSolution
		SolutionGuid = {B673F05D-1CB8-41F8-8E95-A07F2BF62738}
	EndGlobalSection
EndGlobal
